
Microsoft Visual Studio Solution File, Format Version 12.00
# Visual Studio Version 17
VisualStudioVersion = 17.6.33829.357
MinimumVisualStudioVersion = 10.0.40219.1
Project("{FAE04EC0-301F-11D3-BF4B-00C04F79EFBC}") = "Custom-RadioGroup-For-Enumeration", "Custom-RadioGroup-For-Enumeration\Custom-RadioGroup-For-Enumeration.csproj", "{EC47015A-DDB1-4C9D-AFB4-7F5CAE5CC094}"
EndProject
Global
	GlobalSection(SolutionConfigurationPlatforms) = preSolution
		Debug|Any CPU = Debug|Any CPU
		Release|Any CPU = Release|Any CPU
	EndGlobalSection
	GlobalSection(ProjectConfigurationPlatforms) = postSolution
		{EC47015A-DDB1-4C9D-AFB4-7F5CAE5CC094}.Debug|Any CPU.ActiveCfg = Debug|Any CPU
		{EC47015A-DDB1-4C9D-AFB4-7F5CAE5CC094}.Debug|Any CPU.Build.0 = Debug|Any CPU
		{EC47015A-DDB1-4C9D-AFB4-7F5CAE5CC094}.Debug|Any CPU.Deploy.0 = Debug|Any CPU
		{EC47015A-DDB1-4C9D-AFB4-7F5CAE5CC094}.Release|Any CPU.ActiveCfg = Release|Any CPU
		{EC47015A-DDB1-4C9D-AFB4-7F5CAE5CC094}.Release|Any CPU.Build.0 = Release|Any CPU
		{EC47015A-DDB1-4C9D-AFB4-7F5CAE5CC094}.Release|Any CPU.Deploy.0 = Release|Any CPU
	EndGlobalSection
	GlobalSection(SolutionProperties) = preSolution
		HideSolutionNode = FALSE
	EndGlobalSection
	GlobalSection(ExtensibilityGlobals) = postSolution
		SolutionGuid = {C4F397D1-E2A6-41A5-A5ED-6D6B03DCA6B0}
	EndGlobalSection
EndGlobal
